
Microsoft Visual Studio Solution File, Format Version 12.00
# Visual Studio Version 16
VisualStudioVersion = 16.0.32126.315
MinimumVisualStudioVersion = 10.0.40219.1
Project("{9A19103F-16F7-4668-BE54-9A1E7A4F7556}") = "Task1", "Task1\Task1.csproj", "{D27A98F7-2423-4D18-8E73-13CFC989F23B}"
EndProject
Project("{FAE04EC0-301F-11D3-BF4B-00C04F79EFBC}") = "Task2", "Task2\Task2.csproj", "{665D5D16-3BB2-4456-82DA-CEE95DBA1861}"
EndProject
Global
	GlobalSection(SolutionConfigurationPlatforms) = preSolution
		Debug|Any CPU = Debug|Any CPU
		Release|Any CPU = Release|Any CPU
	EndGlobalSection
	GlobalSection(ProjectConfigurationPlatforms) = postSolution
		{D27A98F7-2423-4D18-8E73-13CFC989F23B}.Debug|Any CPU.ActiveCfg = Debug|Any CPU
		{D27A98F7-2423-4D18-8E73-13CFC989F23B}.Debug|Any CPU.Build.0 = Debug|Any CPU
		{D27A98F7-2423-4D18-8E73-13CFC989F23B}.Release|Any CPU.ActiveCfg = Release|Any CPU
		{D27A98F7-2423-4D18-8E73-13CFC989F23B}.Release|Any CPU.Build.0 = Release|Any CPU
		{665D5D16-3BB2-4456-82DA-CEE95DBA1861}.Debug|Any CPU.ActiveCfg = Debug|Any CPU
		{665D5D16-3BB2-4456-82DA-CEE95DBA1861}.Debug|Any CPU.Build.0 = Debug|Any CPU
		{665D5D16-3BB2-4456-82DA-CEE95DBA1861}.Release|Any CPU.ActiveCfg = Release|Any CPU
		{665D5D16-3BB2-4456-82DA-CEE95DBA1861}.Release|Any CPU.Build.0 = Release|Any CPU
	EndGlobalSection
	GlobalSection(SolutionProperties) = preSolution
		HideSolutionNode = FALSE
	EndGlobalSection
	GlobalSection(ExtensibilityGlobals) = postSolution
		SolutionGuid = {CC0E50E0-0364-4B80-B433-6045D5AA7CA6}
	EndGlobalSection
EndGlobal
